
Microsoft Visual Studio Solution File, Format Version 12.00
# Visual Studio Version 17
VisualStudioVersion = 17.0.31903.59
MinimumVisualStudioVersion = 10.0.40219.1
Project("{2150E333-8FDC-42A3-9474-1A3956D46DE8}") = "Core", "Core", "{2160F5A3-4765-42E4-9F4A-B48E085384DB}"
EndProject
Project("{2150E333-8FDC-42A3-9474-1A3956D46DE8}") = "Infrastructure", "Infrastructure", "{97D16ACE-433F-46DD-AAB6-5F61FB4D7A94}"
EndProject
Project("{2150E333-8FDC-42A3-9474-1A3956D46DE8}") = "Presentation", "Presentation", "{37D62CC1-1454-4CDC-86BF-7FF4CBE453B4}"
EndProject
Project("{9A19103F-16F7-4668-BE54-9A1E7A4F7556}") = "Application", "Application\Application.csproj", "{F98AFD91-2D73-44DF-B675-5BB9571BBC2D}"
EndProject
Project("{9A19103F-16F7-4668-BE54-9A1E7A4F7556}") = "Domain", "Domain\Domain.csproj", "{A76DB969-48C7-4AA4-894E-E9B5DE2DD38F}"
EndProject
Project("{9A19103F-16F7-4668-BE54-9A1E7A4F7556}") = "Persistence", "Persistence\Persistence.csproj", "{9D8C09A9-F395-4A0B-9AEC-A8E330750DC5}"
EndProject
Project("{9A19103F-16F7-4668-BE54-9A1E7A4F7556}") = "WebAPI", "WebAPI\WebAPI.csproj", "{6DAD25BA-BC19-4B7B-B9B3-FC3E0FD120E3}"
EndProject
Project("{2150E333-8FDC-42A3-9474-1A3956D46DE8}") = "00 Tests", "00 Tests", "{B04CE1CA-CC99-455A-B0AD-7F648FE73CED}"
EndProject
Project("{9A19103F-16F7-4668-BE54-9A1E7A4F7556}") = "Infrastructure.Test", "Infrastructure.Test\Infrastructure.Test.csproj", "{14A03164-94E0-4FD0-9137-ECC1C22637D7}"
EndProject
Global
	GlobalSection(SolutionConfigurationPlatforms) = preSolution
		Debug|Any CPU = Debug|Any CPU
		Release|Any CPU = Release|Any CPU
	EndGlobalSection
	GlobalSection(ProjectConfigurationPlatforms) = postSolution
		{F98AFD91-2D73-44DF-B675-5BB9571BBC2D}.Debug|Any CPU.ActiveCfg = Debug|Any CPU
		{F98AFD91-2D73-44DF-B675-5BB9571BBC2D}.Debug|Any CPU.Build.0 = Debug|Any CPU
		{F98AFD91-2D73-44DF-B675-5BB9571BBC2D}.Release|Any CPU.ActiveCfg = Release|Any CPU
		{F98AFD91-2D73-44DF-B675-5BB9571BBC2D}.Release|Any CPU.Build.0 = Release|Any CPU
		{A76DB969-48C7-4AA4-894E-E9B5DE2DD38F}.Debug|Any CPU.ActiveCfg = Debug|Any CPU
		{A76DB969-48C7-4AA4-894E-E9B5DE2DD38F}.Debug|Any CPU.Build.0 = Debug|Any CPU
		{A76DB969-48C7-4AA4-894E-E9B5DE2DD38F}.Release|Any CPU.ActiveCfg = Release|Any CPU
		{A76DB969-48C7-4AA4-894E-E9B5DE2DD38F}.Release|Any CPU.Build.0 = Release|Any CPU
		{9D8C09A9-F395-4A0B-9AEC-A8E330750DC5}.Debug|Any CPU.ActiveCfg = Debug|Any CPU
		{9D8C09A9-F395-4A0B-9AEC-A8E330750DC5}.Debug|Any CPU.Build.0 = Debug|Any CPU
		{9D8C09A9-F395-4A0B-9AEC-A8E330750DC5}.Release|Any CPU.ActiveCfg = Release|Any CPU
		{9D8C09A9-F395-4A0B-9AEC-A8E330750DC5}.Release|Any CPU.Build.0 = Release|Any CPU
		{6DAD25BA-BC19-4B7B-B9B3-FC3E0FD120E3}.Debug|Any CPU.ActiveCfg = Debug|Any CPU
		{6DAD25BA-BC19-4B7B-B9B3-FC3E0FD120E3}.Debug|Any CPU.Build.0 = Debug|Any CPU
		{6DAD25BA-BC19-4B7B-B9B3-FC3E0FD120E3}.Release|Any CPU.ActiveCfg = Release|Any CPU
		{6DAD25BA-BC19-4B7B-B9B3-FC3E0FD120E3}.Release|Any CPU.Build.0 = Release|Any CPU
		{14A03164-94E0-4FD0-9137-ECC1C22637D7}.Debug|Any CPU.ActiveCfg = Debug|Any CPU
		{14A03164-94E0-4FD0-9137-ECC1C22637D7}.Debug|Any CPU.Build.0 = Debug|Any CPU
		{14A03164-94E0-4FD0-9137-ECC1C22637D7}.Release|Any CPU.ActiveCfg = Release|Any CPU
		{14A03164-94E0-4FD0-9137-ECC1C22637D7}.Release|Any CPU.Build.0 = Release|Any CPU
	EndGlobalSection
	GlobalSection(SolutionProperties) = preSolution
		HideSolutionNode = FALSE
	EndGlobalSection
	GlobalSection(NestedProjects) = preSolution
		{F98AFD91-2D73-44DF-B675-5BB9571BBC2D} = {2160F5A3-4765-42E4-9F4A-B48E085384DB}
		{A76DB969-48C7-4AA4-894E-E9B5DE2DD38F} = {2160F5A3-4765-42E4-9F4A-B48E085384DB}
		{9D8C09A9-F395-4A0B-9AEC-A8E330750DC5} = {97D16ACE-433F-46DD-AAB6-5F61FB4D7A94}
		{6DAD25BA-BC19-4B7B-B9B3-FC3E0FD120E3} = {37D62CC1-1454-4CDC-86BF-7FF4CBE453B4}
		{14A03164-94E0-4FD0-9137-ECC1C22637D7} = {B04CE1CA-CC99-455A-B0AD-7F648FE73CED}
	EndGlobalSection
	GlobalSection(ExtensibilityGlobals) = postSolution
		SolutionGuid = {AF7F5F71-E224-4869-8CDE-9E5BC812CD7E}
	EndGlobalSection
EndGlobal
